
Microsoft Visual Studio Solution File, Format Version 12.00
# Visual Studio Version 17
VisualStudioVersion = 17.0.31903.59
MinimumVisualStudioVersion = 10.0.40219.1
Project("{2150E333-8FDC-42A3-9474-1A3956D46DE8}") = "src", "src", "{827E0CD3-B72D-47B6-A68D-7590B98EB39B}"
EndProject
Project("{FAE04EC0-301F-11D3-BF4B-00C04F79EFBC}") = "VbNet.LanguageServer", "src\VbNet.LanguageServer\VbNet.LanguageServer.csproj", "{9A5BD731-D00F-4641-82AC-0B4A1FDA9C01}"
EndProject
Project("{2150E333-8FDC-42A3-9474-1A3956D46DE8}") = "test", "test", "{0C88DD14-F956-CE84-757C-A364CCF449FC}"
EndProject
Project("{FAE04EC0-301F-11D3-BF4B-00C04F79EFBC}") = "VbNet.LanguageServer.Tests", "test\VbNet.LanguageServer.Tests\VbNet.LanguageServer.Tests.csproj", "{94BC19A3-AE07-4092-B3E7-7C4A73D2C9E1}"
EndProject
Global
	GlobalSection(SolutionConfigurationPlatforms) = preSolution
		Debug|Any CPU = Debug|Any CPU
		Debug|x64 = Debug|x64
		Debug|x86 = Debug|x86
		Release|Any CPU = Release|Any CPU
		Release|x64 = Release|x64
		Release|x86 = Release|x86
	EndGlobalSection
	GlobalSection(ProjectConfigurationPlatforms) = postSolution
		{9A5BD731-D00F-4641-82AC-0B4A1FDA9C01}.Debug|Any CPU.ActiveCfg = Debug|Any CPU
		{9A5BD731-D00F-4641-82AC-0B4A1FDA9C01}.Debug|Any CPU.Build.0 = Debug|Any CPU
		{9A5BD731-D00F-4641-82AC-0B4A1FDA9C01}.Debug|x64.ActiveCfg = Debug|Any CPU
		{9A5BD731-D00F-4641-82AC-0B4A1FDA9C01}.Debug|x64.Build.0 = Debug|Any CPU
		{9A5BD731-D00F-4641-82AC-0B4A1FDA9C01}.Debug|x86.ActiveCfg = Debug|Any CPU
		{9A5BD731-D00F-4641-82AC-0B4A1FDA9C01}.Debug|x86.Build.0 = Debug|Any CPU
		{9A5BD731-D00F-4641-82AC-0B4A1FDA9C01}.Release|Any CPU.ActiveCfg = Release|Any CPU
		{9A5BD731-D00F-4641-82AC-0B4A1FDA9C01}.Release|Any CPU.Build.0 = Release|Any CPU
		{9A5BD731-D00F-4641-82AC-0B4A1FDA9C01}.Release|x64.ActiveCfg = Release|Any CPU
		{9A5BD731-D00F-4641-82AC-0B4A1FDA9C01}.Release|x64.Build.0 = Release|Any CPU
		{9A5BD731-D00F-4641-82AC-0B4A1FDA9C01}.Release|x86.ActiveCfg = Release|Any CPU
		{9A5BD731-D00F-4641-82AC-0B4A1FDA9C01}.Release|x86.Build.0 = Release|Any CPU
		{94BC19A3-AE07-4092-B3E7-7C4A73D2C9E1}.Debug|Any CPU.ActiveCfg = Debug|Any CPU
		{94BC19A3-AE07-4092-B3E7-7C4A73D2C9E1}.Debug|Any CPU.Build.0 = Debug|Any CPU
		{94BC19A3-AE07-4092-B3E7-7C4A73D2C9E1}.Debug|x64.ActiveCfg = Debug|Any CPU
		{94BC19A3-AE07-4092-B3E7-7C4A73D2C9E1}.Debug|x64.Build.0 = Debug|Any CPU
		{94BC19A3-AE07-4092-B3E7-7C4A73D2C9E1}.Debug|x86.ActiveCfg = Debug|Any CPU
		{94BC19A3-AE07-4092-B3E7-7C4A73D2C9E1}.Debug|x86.Build.0 = Debug|Any CPU
		{94BC19A3-AE07-4092-B3E7-7C4A73D2C9E1}.Release|Any CPU.ActiveCfg = Release|Any CPU
		{94BC19A3-AE07-4092-B3E7-7C4A73D2C9E1}.Release|Any CPU.Build.0 = Release|Any CPU
		{94BC19A3-AE07-4092-B3E7-7C4A73D2C9E1}.Release|x64.ActiveCfg = Release|Any CPU
		{94BC19A3-AE07-4092-B3E7-7C4A73D2C9E1}.Release|x64.Build.0 = Release|Any CPU
		{94BC19A3-AE07-4092-B3E7-7C4A73D2C9E1}.Release|x86.ActiveCfg = Release|Any CPU
		{94BC19A3-AE07-4092-B3E7-7C4A73D2C9E1}.Release|x86.Build.0 = Release|Any CPU
	EndGlobalSection
	GlobalSection(SolutionProperties) = preSolution
		HideSolutionNode = FALSE
	EndGlobalSection
	GlobalSection(NestedProjects) = preSolution
		{9A5BD731-D00F-4641-82AC-0B4A1FDA9C01} = {827E0CD3-B72D-47B6-A68D-7590B98EB39B}
		{94BC19A3-AE07-4092-B3E7-7C4A73D2C9E1} = {0C88DD14-F956-CE84-757C-A364CCF449FC}
	EndGlobalSection
EndGlobal
